{
  "name": "client-test",
  "version": "1.0.0",
  "lockfileVersion": 1,
  "requires": true,
  "dependencies": {
    "client-room": {
      "version": "git+https://github.com/Nodeocrat/client-room.git#60a4d18e1d02217ebb3ab34ee9528bd734f05e2b",
      "from": "git+https://github.com/Nodeocrat/client-room.git"
    }
  }
}
